
Microsoft Visual Studio Solution File, Format Version 12.00
# Visual Studio Version 17
VisualStudioVersion = 17.0.31903.59
MinimumVisualStudioVersion = 10.0.40219.1
Project("{FAE04EC0-301F-11D3-BF4B-00C04F79EFBC}") = "NotesApp.API", "NotesApp.API\NotesApp.API.csproj", "{DC0352B5-C12E-483C-9C8D-A6A12D510BAC}"
EndProject
Project("{FAE04EC0-301F-11D3-BF4B-00C04F79EFBC}") = "NotesApp.Application", "NotesApp.Application\NotesApp.Application.csproj", "{AEDA8455-36F7-422C-BCB0-9B23386F0416}"
EndProject
Project("{FAE04EC0-301F-11D3-BF4B-00C04F79EFBC}") = "NotesApp.Domain", "NotesApp.Domain\NotesApp.Domain.csproj", "{54BCD9B4-26F7-4967-A563-F079D1D9551E}"
EndProject
Project("{FAE04EC0-301F-11D3-BF4B-00C04F79EFBC}") = "NotesApp.Infrastructure", "NotesApp.Infrastructure\NotesApp.Infrastructure.csproj", "{6AE5757A-F4B4-43D9-8E79-7A345887C829}"
EndProject
Global
	GlobalSection(SolutionConfigurationPlatforms) = preSolution
		Debug|Any CPU = Debug|Any CPU
		Debug|x64 = Debug|x64
		Debug|x86 = Debug|x86
		Release|Any CPU = Release|Any CPU
		Release|x64 = Release|x64
		Release|x86 = Release|x86
	EndGlobalSection
	GlobalSection(ProjectConfigurationPlatforms) = postSolution
		{DC0352B5-C12E-483C-9C8D-A6A12D510BAC}.Debug|Any CPU.ActiveCfg = Debug|Any CPU
		{DC0352B5-C12E-483C-9C8D-A6A12D510BAC}.Debug|Any CPU.Build.0 = Debug|Any CPU
		{DC0352B5-C12E-483C-9C8D-A6A12D510BAC}.Debug|x64.ActiveCfg = Debug|Any CPU
		{DC0352B5-C12E-483C-9C8D-A6A12D510BAC}.Debug|x64.Build.0 = Debug|Any CPU
		{DC0352B5-C12E-483C-9C8D-A6A12D510BAC}.Debug|x86.ActiveCfg = Debug|Any CPU
		{DC0352B5-C12E-483C-9C8D-A6A12D510BAC}.Debug|x86.Build.0 = Debug|Any CPU
		{DC0352B5-C12E-483C-9C8D-A6A12D510BAC}.Release|Any CPU.ActiveCfg = Release|Any CPU
		{DC0352B5-C12E-483C-9C8D-A6A12D510BAC}.Release|Any CPU.Build.0 = Release|Any CPU
		{DC0352B5-C12E-483C-9C8D-A6A12D510BAC}.Release|x64.ActiveCfg = Release|Any CPU
		{DC0352B5-C12E-483C-9C8D-A6A12D510BAC}.Release|x64.Build.0 = Release|Any CPU
		{DC0352B5-C12E-483C-9C8D-A6A12D510BAC}.Release|x86.ActiveCfg = Release|Any CPU
		{DC0352B5-C12E-483C-9C8D-A6A12D510BAC}.Release|x86.Build.0 = Release|Any CPU
		{AEDA8455-36F7-422C-BCB0-9B23386F0416}.Debug|Any CPU.ActiveCfg = Debug|Any CPU
		{AEDA8455-36F7-422C-BCB0-9B23386F0416}.Debug|Any CPU.Build.0 = Debug|Any CPU
		{AEDA8455-36F7-422C-BCB0-9B23386F0416}.Debug|x64.ActiveCfg = Debug|Any CPU
		{AEDA8455-36F7-422C-BCB0-9B23386F0416}.Debug|x64.Build.0 = Debug|Any CPU
		{AEDA8455-36F7-422C-BCB0-9B23386F0416}.Debug|x86.ActiveCfg = Debug|Any CPU
		{AEDA8455-36F7-422C-BCB0-9B23386F0416}.Debug|x86.Build.0 = Debug|Any CPU
		{AEDA8455-36F7-422C-BCB0-9B23386F0416}.Release|Any CPU.ActiveCfg = Release|Any CPU
		{AEDA8455-36F7-422C-BCB0-9B23386F0416}.Release|Any CPU.Build.0 = Release|Any CPU
		{AEDA8455-36F7-422C-BCB0-9B23386F0416}.Release|x64.ActiveCfg = Release|Any CPU
		{AEDA8455-36F7-422C-BCB0-9B23386F0416}.Release|x64.Build.0 = Release|Any CPU
		{AEDA8455-36F7-422C-BCB0-9B23386F0416}.Release|x86.ActiveCfg = Release|Any CPU
		{AEDA8455-36F7-422C-BCB0-9B23386F0416}.Release|x86.Build.0 = Release|Any CPU
		{54BCD9B4-26F7-4967-A563-F079D1D9551E}.Debug|Any CPU.ActiveCfg = Debug|Any CPU
		{54BCD9B4-26F7-4967-A563-F079D1D9551E}.Debug|Any CPU.Build.0 = Debug|Any CPU
		{54BCD9B4-26F7-4967-A563-F079D1D9551E}.Debug|x64.ActiveCfg = Debug|Any CPU
		{54BCD9B4-26F7-4967-A563-F079D1D9551E}.Debug|x64.Build.0 = Debug|Any CPU
		{54BCD9B4-26F7-4967-A563-F079D1D9551E}.Debug|x86.ActiveCfg = Debug|Any CPU
		{54BCD9B4-26F7-4967-A563-F079D1D9551E}.Debug|x86.Build.0 = Debug|Any CPU
		{54BCD9B4-26F7-4967-A563-F079D1D9551E}.Release|Any CPU.ActiveCfg = Release|Any CPU
		{54BCD9B4-26F7-4967-A563-F079D1D9551E}.Release|Any CPU.Build.0 = Release|Any CPU
		{54BCD9B4-26F7-4967-A563-F079D1D9551E}.Release|x64.ActiveCfg = Release|Any CPU
		{54BCD9B4-26F7-4967-A563-F079D1D9551E}.Release|x64.Build.0 = Release|Any CPU
		{54BCD9B4-26F7-4967-A563-F079D1D9551E}.Release|x86.ActiveCfg = Release|Any CPU
		{54BCD9B4-26F7-4967-A563-F079D1D9551E}.Release|x86.Build.0 = Release|Any CPU
		{6AE5757A-F4B4-43D9-8E79-7A345887C829}.Debug|Any CPU.ActiveCfg = Debug|Any CPU
		{6AE5757A-F4B4-43D9-8E79-7A345887C829}.Debug|Any CPU.Build.0 = Debug|Any CPU
		{6AE5757A-F4B4-43D9-8E79-7A345887C829}.Debug|x64.ActiveCfg = Debug|Any CPU
		{6AE5757A-F4B4-43D9-8E79-7A345887C829}.Debug|x64.Build.0 = Debug|Any CPU
		{6AE5757A-F4B4-43D9-8E79-7A345887C829}.Debug|x86.ActiveCfg = Debug|Any CPU
		{6AE5757A-F4B4-43D9-8E79-7A345887C829}.Debug|x86.Build.0 = Debug|Any CPU
		{6AE5757A-F4B4-43D9-8E79-7A345887C829}.Release|Any CPU.ActiveCfg = Release|Any CPU
		{6AE5757A-F4B4-43D9-8E79-7A345887C829}.Release|Any CPU.Build.0 = Release|Any CPU
		{6AE5757A-F4B4-43D9-8E79-7A345887C829}.Release|x64.ActiveCfg = Release|Any CPU
		{6AE5757A-F4B4-43D9-8E79-7A345887C829}.Release|x64.Build.0 = Release|Any CPU
		{6AE5757A-F4B4-43D9-8E79-7A345887C829}.Release|x86.ActiveCfg = Release|Any CPU
		{6AE5757A-F4B4-43D9-8E79-7A345887C829}.Release|x86.Build.0 = Release|Any CPU
	EndGlobalSection
	GlobalSection(SolutionProperties) = preSolution
		HideSolutionNode = FALSE
	EndGlobalSection
EndGlobal
